[[tools."aqua:neovim/neovim"]]
version = "0.11.6"
backend = "aqua:neovim/neovim"
"platforms.linux-arm64" = { checksum = "sha256:8ddc0c101846145e830b17bbca50782ca9307eee4fab539d9e2ddaf8793c06f1", url = "https://github.com/neovim/neovim/releases/download/v0.11.6/nvim-linux-arm64.tar.gz"}
"platforms.linux-x64" = { checksum = "sha256:2fc90b962327f73a78afbfb8203fd19db8db9cdf4ee5e2bef84704339add89cc", url = "https://github.com/neovim/neovim/releases/download/v0.11.6/nvim-linux-x86_64.tar.gz"}
"platforms.macos-arm64" = { checksum = "sha256:d5ee93b67630d5a87f3d336d0f7e8b2fe6973aa653d3cc93b82b820e6538c1dd", url = "https://github.com/neovim/neovim/releases/download/v0.11.6/nvim-macos-arm64.tar.gz"}
"platforms.macos-x64" = { checksum = "sha256:6e665bb0a711cf974050e0f7183dbb696b1e7425814eb87df7cb094a49054a06", url = "https://github.com/neovim/neovim/releases/download/v0.11.6/nvim-macos-x86_64.tar.gz"}

[[tools.bun]]
version = "1.3.7"
backend = "core:bun"
"platforms.linux-arm64" = { checksum = "sha256:d5c7d651423c2bc5ae3f92d36837ffb2ddc6ee91849672500b7fe8e5a5159fbc", url = "https://github.com/oven-sh/bun/releases/download/bun-v1.3.7/bun-linux-aarch64.zip"}
"platforms.linux-arm64-musl" = { checksum = "sha256:c3ec285016f567bc89bce46751a6425bbc256ec85ec5795d9a3b9edb039ddc8d", url = "https://github.com/oven-sh/bun/releases/download/bun-v1.3.7/bun-linux-aarch64-musl.zip"}
"platforms.linux-x64" = { checksum = "sha256:2bd2e0e0bdf09483be67a704607848ebe72c28420824e4ce772ce3da62c23d65", url = "https://github.com/oven-sh/bun/releases/download/bun-v1.3.7/bun-linux-x64.zip"}
"platforms.linux-x64-baseline" = { checksum = "sha256:cc14546006bf49419f3a20d2f591c8e167d112e1aa2ef1d8c77e1aec5ead372d", url = "https://github.com/oven-sh/bun/releases/download/bun-v1.3.7/bun-linux-x64-baseline.zip"}
"platforms.linux-x64-musl" = { checksum = "sha256:a38045aeeb7fb2d2dbc93aece67e92940571293abb040aef3334bf0f8dfe9b51", url = "https://github.com/oven-sh/bun/releases/download/bun-v1.3.7/bun-linux-x64-musl.zip"}
"platforms.linux-x64-musl-baseline" = { checksum = "sha256:8da029b5d0ca5105cde7e33618402756ec4eff88bbc10de47bc0bc06f8d6d12c", url = "https://github.com/oven-sh/bun/releases/download/bun-v1.3.7/bun-linux-x64-musl-baseline.zip"}
"platforms.macos-arm64" = { checksum = "sha256:16701e494998e4764d49af2fbe62d25ec59cf3c79ee696eba1def2cfe9049d64", url = "https://github.com/oven-sh/bun/releases/download/bun-v1.3.7/bun-darwin-aarch64.zip"}
"platforms.macos-x64" = { checksum = "sha256:cdfe9c71cacbdd9a73f098c3b050671957a7414e1321dfedd9a410d7794dae51", url = "https://github.com/oven-sh/bun/releases/download/bun-v1.3.7/bun-darwin-x64.zip"}
"platforms.macos-x64-baseline" = { checksum = "sha256:9c2c1aee6d72e96195c3051f91232504759507aaaeb093d5b70f88697e1a8eaf", url = "https://github.com/oven-sh/bun/releases/download/bun-v1.3.7/bun-darwin-x64-baseline.zip"}

[[tools.claude]]
version = "2.1.20"
backend = "npm:@anthropic-ai/claude-code"

[[tools.fd]]
version = "10.3.0"
backend = "aqua:sharkdp/fd"
"platforms.linux-arm64" = { checksum = "sha256:996b9b1366433b211cb3bbedba91c9dbce2431842144d925428ead0adf32020b", url = "https://github.com/sharkdp/fd/releases/download/v10.3.0/fd-v10.3.0-aarch64-unknown-linux-musl.tar.gz"}
"platforms.linux-x64" = { checksum = "sha256:2b6bfaae8c48f12050813c2ffe1884c61ea26e750d803df9c9114550a314cd14", url = "https://github.com/sharkdp/fd/releases/download/v10.3.0/fd-v10.3.0-x86_64-unknown-linux-musl.tar.gz"}
"platforms.macos-arm64" = { checksum = "sha256:0570263812089120bc2a5d84f9e65cd0c25e4a4d724c80075c357239c74ae904", url = "https://github.com/sharkdp/fd/releases/download/v10.3.0/fd-v10.3.0-aarch64-apple-darwin.tar.gz"}
"platforms.macos-x64" = { checksum = "sha256:50d30f13fe3d5914b14c4fff5abcbd4d0cdab4b855970a6956f4f006c17117a3", url = "https://github.com/sharkdp/fd/releases/download/v10.3.0/fd-v10.3.0-x86_64-apple-darwin.tar.gz"}

[[tools.fzf]]
version = "0.67.0"
backend = "aqua:junegunn/fzf"
"platforms.linux-arm64" = { checksum = "sha256:7071f48c2ac0f2bc992d6d33cc36fd675a579a98cc976dda699eea07dd5e9c58", url = "https://github.com/junegunn/fzf/releases/download/v0.67.0/fzf-0.67.0-linux_arm64.tar.gz"}
"platforms.linux-x64" = { checksum = "sha256:4be08018ca37b32518c608741933ea335a406de3558242b60619e98f25be2be1", url = "https://github.com/junegunn/fzf/releases/download/v0.67.0/fzf-0.67.0-linux_amd64.tar.gz"}
"platforms.macos-arm64" = { checksum = "sha256:b7f34c964d8e52c471c933cef8ec43dc71997c266cafafd1b013bed10fc229a1", url = "https://github.com/junegunn/fzf/releases/download/v0.67.0/fzf-0.67.0-darwin_arm64.tar.gz"}
"platforms.macos-x64" = { checksum = "sha256:88dc853e0914793a2e7be0d1acfe6c922d9ccad08e3302df092399775b0279ff", url = "https://github.com/junegunn/fzf/releases/download/v0.67.0/fzf-0.67.0-darwin_amd64.tar.gz"}

[[tools.node]]
version = "22.22.0"
backend = "core:node"
"platforms.linux-arm64" = { checksum = "sha256:25ba95dfb96871fa2ef977f11f95ea90818c8fa15c0f2110771db08d4ba423be", url = "https://nodejs.org/dist/v22.22.0/node-v22.22.0-linux-arm64.tar.gz"}
"platforms.linux-x64" = { checksum = "sha256:c33c39ed9c80deddde77c960d00119918b9e352426fd604ba41638d6526a4744", url = "https://nodejs.org/dist/v22.22.0/node-v22.22.0-linux-x64.tar.gz"}
"platforms.macos-arm64" = { checksum = "sha256:5ed4db0fcf1eaf84d91ad12462631d73bf4576c1377e192d222e48026a902640", url = "https://nodejs.org/dist/v22.22.0/node-v22.22.0-darwin-arm64.tar.gz"}
"platforms.macos-x64" = { checksum = "sha256:5ea50c9d6dea3dfa3abb66b2656f7a4e1c8cef23432b558d45fb538c7b5dedce", url = "https://nodejs.org/dist/v22.22.0/node-v22.22.0-darwin-x64.tar.gz"}

[[tools.python]]
version = "3.14.2"
backend = "core:python"

[[tools.ripgrep]]
version = "15.1.0"
backend = "aqua:BurntSushi/ripgrep"
"platforms.linux-arm64" = { checksum = "sha256:2b661c6ef508e902f388e9098d9c4c5aca72c87b55922d94abdba830b4dc885e", url = "https://github.com/BurntSushi/ripgrep/releases/download/15.1.0/ripgrep-15.1.0-aarch64-unknown-linux-gnu.tar.gz"}
"platforms.linux-x64" = { checksum = "sha256:1c9297be4a084eea7ecaedf93eb03d058d6faae29bbc57ecdaf5063921491599", url = "https://github.com/BurntSushi/ripgrep/releases/download/15.1.0/ripgrep-15.1.0-x86_64-unknown-linux-musl.tar.gz"}
"platforms.macos-arm64" = { checksum = "sha256:378e973289176ca0c6054054ee7f631a065874a352bf43f0fa60ef079b6ba715", url = "https://github.com/BurntSushi/ripgrep/releases/download/15.1.0/ripgrep-15.1.0-aarch64-apple-darwin.tar.gz"}
"platforms.macos-x64" = { checksum = "sha256:64811cb24e77cac3057d6c40b63ac9becf9082eedd54ca411b475b755d334882", url = "https://github.com/BurntSushi/ripgrep/releases/download/15.1.0/ripgrep-15.1.0-x86_64-apple-darwin.tar.gz"}

[[tools.uv]]
version = "0.9.27"
backend = "aqua:astral-sh/uv"
"platforms.linux-arm64" = { checksum = "sha256:f80e97e1154a06e42143a173831289336ca9e34a67096ab070346958153e8e52", url = "https://github.com/astral-sh/uv/releases/download/0.9.27/uv-aarch64-unknown-linux-musl.tar.gz"}
"platforms.linux-x64" = { checksum = "sha256:9f269bfb9c2e80808c373902af6a4af6cd5f4b4668b28c44aa09639cfed925c5", url = "https://github.com/astral-sh/uv/releases/download/0.9.27/uv-x86_64-unknown-linux-musl.tar.gz"}
"platforms.macos-arm64" = { checksum = "sha256:1359538ed8664d172692cf4719ee0933a4a3bfb22fc91b0be1e19e7bdd8f5ef3", url = "https://github.com/astral-sh/uv/releases/download/0.9.27/uv-aarch64-apple-darwin.tar.gz"}
"platforms.macos-x64" = { checksum = "sha256:3977309c5c79984c13c55d2d1cd7aa114a718eb29436c5bdb4bdfa08bf243438", url = "https://github.com/astral-sh/uv/releases/download/0.9.27/uv-x86_64-apple-darwin.tar.gz"}

[[tools.xh]]
version = "0.25.3"
backend = "aqua:ducaale/xh"
"platforms.linux-arm64" = { checksum = "sha256:042f504048281e0042d99230750ee0a314d0a7273c4398d62a66896478b53a86", url = "https://github.com/ducaale/xh/releases/download/v0.25.3/xh-v0.25.3-aarch64-unknown-linux-musl.tar.gz"}
"platforms.linux-x64" = { checksum = "sha256:fc738e616b327e7a10256e206c78073bfeed95d73af6ba9ced4c5eb20ac8d717", url = "https://github.com/ducaale/xh/releases/download/v0.25.3/xh-v0.25.3-x86_64-unknown-linux-musl.tar.gz"}
"platforms.macos-arm64" = { checksum = "sha256:3886af1df744a44f6f8da37d51e3f733c14b35aeb3f46828ee528970ad708951", url = "https://github.com/ducaale/xh/releases/download/v0.25.3/xh-v0.25.3-aarch64-apple-darwin.tar.gz"}
"platforms.macos-x64" = { checksum = "sha256:ef0bd8fe2752abd84202d0b0ac5d4943712ce3c464d70a679b140ca2a0a475cf", url = "https://github.com/ducaale/xh/releases/download/v0.25.3/xh-v0.25.3-x86_64-apple-darwin.tar.gz"}
