[[tools."aqua:neovim/neovim"]]
version = "0.11.6"
backend = "aqua:neovim/neovim"
"platforms.linux-arm64" = { checksum = "sha256:8ddc0c101846145e830b17bbca50782ca9307eee4fab539d9e2ddaf8793c06f1", url = "https://github.com/neovim/neovim/releases/download/v0.11.6/nvim-linux-arm64.tar.gz"}
"platforms.linux-x64" = { checksum = "sha256:2fc90b962327f73a78afbfb8203fd19db8db9cdf4ee5e2bef84704339add89cc", url = "https://github.com/neovim/neovim/releases/download/v0.11.6/nvim-linux-x86_64.tar.gz"}
"platforms.macos-arm64" = { checksum = "sha256:d5ee93b67630d5a87f3d336d0f7e8b2fe6973aa653d3cc93b82b820e6538c1dd", url = "https://github.com/neovim/neovim/releases/download/v0.11.6/nvim-macos-arm64.tar.gz"}
"platforms.macos-x64" = { checksum = "sha256:6e665bb0a711cf974050e0f7183dbb696b1e7425814eb87df7cb094a49054a06", url = "https://github.com/neovim/neovim/releases/download/v0.11.6/nvim-macos-x86_64.tar.gz"}

[[tools.bat]]
version = "0.26.1"
backend = "aqua:sharkdp/bat"
"platforms.linux-arm64" = { checksum = "sha256:6369242c584065f195fb20cb36fbd7cb63ae690605bbe89868a7596b596c2c23", url = "https://github.com/sharkdp/bat/releases/download/v0.26.1/bat-v0.26.1-aarch64-unknown-linux-musl.tar.gz"}
"platforms.linux-x64" = { checksum = "sha256:0dcd8ac79732c0d5b136f11f4ee00e581440e16a44eab5b3105b611bbf2cf191", url = "https://github.com/sharkdp/bat/releases/download/v0.26.1/bat-v0.26.1-x86_64-unknown-linux-musl.tar.gz"}
"platforms.macos-arm64" = { checksum = "sha256:e30beff26779c9bf60bb541e1d79046250cb74378f2757f8eb250afddb19e114", url = "https://github.com/sharkdp/bat/releases/download/v0.26.1/bat-v0.26.1-aarch64-apple-darwin.tar.gz"}
"platforms.macos-x64" = { checksum = "sha256:830d63b0bba1fa040542ec569e3cf77f60d3356b9de75116a344b061e0894245", url = "https://github.com/sharkdp/bat/releases/download/v0.26.1/bat-v0.26.1-x86_64-apple-darwin.tar.gz"}

[[tools.bun]]
version = "1.3.10"
backend = "core:bun"
"platforms.linux-arm64" = { checksum = "sha256:fa5ecb25cafa8e8f5c87a0f833719d46dd0af0a86c7837d806531212d55636d3", url = "https://github.com/oven-sh/bun/releases/download/bun-v1.3.10/bun-linux-aarch64.zip"}
"platforms.linux-arm64-musl" = { checksum = "sha256:d2c81365a2e529b78a42330d3a0056e8dbd7896b4a6782c8e392b6532141e34d", url = "https://github.com/oven-sh/bun/releases/download/bun-v1.3.10/bun-linux-aarch64-musl.zip"}
"platforms.linux-x64" = { checksum = "sha256:f57bc0187e39623de716ba3a389fda5486b2d7be7131a980ba54dc7b733d2e08", url = "https://github.com/oven-sh/bun/releases/download/bun-v1.3.10/bun-linux-x64.zip"}
"platforms.linux-x64-baseline" = { checksum = "sha256:41201a8c5ee74a9dcbb1ce25a1104f1f929838b57a845aa78d98379b0ce7cde2", url = "https://github.com/oven-sh/bun/releases/download/bun-v1.3.10/bun-linux-x64-baseline.zip"}
"platforms.linux-x64-musl" = { checksum = "sha256:48a6c32277d343db0148ce066336472ffd380358a4d26bb1329714742492d824", url = "https://github.com/oven-sh/bun/releases/download/bun-v1.3.10/bun-linux-x64-musl.zip"}
"platforms.linux-x64-musl-baseline" = { checksum = "sha256:a7bc4cdea1ef255a83adbf39c7aafcd30e09f2b8f74deec4b10ee318bc024d1f", url = "https://github.com/oven-sh/bun/releases/download/bun-v1.3.10/bun-linux-x64-musl-baseline.zip"}
"platforms.macos-arm64" = { checksum = "sha256:82034e87c9d9b4398ea619aee2eed5d2a68c8157e9a6ae2d1052d84d533ccd8d", url = "https://github.com/oven-sh/bun/releases/download/bun-v1.3.10/bun-darwin-aarch64.zip"}
"platforms.macos-x64" = { checksum = "sha256:c1d90bf6140f20e572c473065dc6b37a4b036349b5e9e4133779cc642ad94323", url = "https://github.com/oven-sh/bun/releases/download/bun-v1.3.10/bun-darwin-x64.zip"}
"platforms.macos-x64-baseline" = { checksum = "sha256:f9686c4e4e760db4cde77a0f1fad05e552648b9c9cbfa4f7fc9a7ec26b9f3267", url = "https://github.com/oven-sh/bun/releases/download/bun-v1.3.10/bun-darwin-x64-baseline.zip"}

[[tools.claude]]
version = "2.1.71"
backend = "aqua:anthropics/claude-code"

[[tools.cloudflared]]
version = "2026.3.0"
backend = "aqua:cloudflare/cloudflared"
"platforms.linux-arm64" = { checksum = "sha256:0755ba4cbab59980e6148367fcf53a8f3ec85a97deefd63c2420cf7850769bee", url = "https://github.com/cloudflare/cloudflared/releases/download/2026.3.0/cloudflared-linux-arm64"}
"platforms.linux-x64" = { checksum = "sha256:4a9e50e6d6d798e90fcd01933151a90bf7edd99a0a55c28ad18f2e16263a5c30", url = "https://github.com/cloudflare/cloudflared/releases/download/2026.3.0/cloudflared-linux-amd64"}
"platforms.macos-arm64" = { checksum = "sha256:0f30140c4a5e213d22f951ef4c964cac5fb6a5f061ba6eba5ea932999f7c0394", url = "https://github.com/cloudflare/cloudflared/releases/download/2026.3.0/cloudflared-darwin-amd64.tgz"}
"platforms.macos-x64" = { checksum = "sha256:0f30140c4a5e213d22f951ef4c964cac5fb6a5f061ba6eba5ea932999f7c0394", url = "https://github.com/cloudflare/cloudflared/releases/download/2026.3.0/cloudflared-darwin-amd64.tgz"}

[[tools.eza]]
version = "0.23.4"
backend = "asdf:eza"

[[tools.fd]]
version = "10.3.0"
backend = "aqua:sharkdp/fd"
"platforms.linux-arm64" = { checksum = "sha256:996b9b1366433b211cb3bbedba91c9dbce2431842144d925428ead0adf32020b", url = "https://github.com/sharkdp/fd/releases/download/v10.3.0/fd-v10.3.0-aarch64-unknown-linux-musl.tar.gz"}
"platforms.linux-x64" = { checksum = "sha256:2b6bfaae8c48f12050813c2ffe1884c61ea26e750d803df9c9114550a314cd14", url = "https://github.com/sharkdp/fd/releases/download/v10.3.0/fd-v10.3.0-x86_64-unknown-linux-musl.tar.gz"}
"platforms.macos-arm64" = { checksum = "sha256:0570263812089120bc2a5d84f9e65cd0c25e4a4d724c80075c357239c74ae904", url = "https://github.com/sharkdp/fd/releases/download/v10.3.0/fd-v10.3.0-aarch64-apple-darwin.tar.gz"}
"platforms.macos-x64" = { checksum = "sha256:50d30f13fe3d5914b14c4fff5abcbd4d0cdab4b855970a6956f4f006c17117a3", url = "https://github.com/sharkdp/fd/releases/download/v10.3.0/fd-v10.3.0-x86_64-apple-darwin.tar.gz"}

[[tools.fzf]]
version = "0.70.0"
backend = "aqua:junegunn/fzf"
"platforms.linux-arm64" = { checksum = "sha256:90a07a13b61f56dd59ccfd0f0bf05070e9cec067713d313fa2607aab2dc0e422", url = "https://github.com/junegunn/fzf/releases/download/v0.70.0/fzf-0.70.0-linux_arm64.tar.gz"}
"platforms.linux-x64" = { checksum = "sha256:8fd0e0b93bdf64ba90081ffb6658d77ea5a024c122b36852b1de30f9d2733754", url = "https://github.com/junegunn/fzf/releases/download/v0.70.0/fzf-0.70.0-linux_amd64.tar.gz"}
"platforms.macos-arm64" = { checksum = "sha256:75f4905c2e3d00666d81dffdd001bb2a9a8e0ad4e4ac8cecfc17a7401b99e6e4", url = "https://github.com/junegunn/fzf/releases/download/v0.70.0/fzf-0.70.0-darwin_arm64.tar.gz"}
"platforms.macos-x64" = { checksum = "sha256:46af74cfeb171c5e2eb936096a653061a0de0f5aeb70319bf9935d8d193e078f", url = "https://github.com/junegunn/fzf/releases/download/v0.70.0/fzf-0.70.0-darwin_amd64.tar.gz"}

[[tools.gh]]
version = "2.87.3"
backend = "aqua:cli/cli"
"platforms.linux-arm64" = { checksum = "sha256:5f5d89563bf26751e2173b37e594065504e85b6b781c1f1832d24bf2c2b4554f", url = "https://github.com/cli/cli/releases/download/v2.87.3/gh_2.87.3_linux_arm64.tar.gz"}
"platforms.linux-arm64-musl" = { checksum = "sha256:5f5d89563bf26751e2173b37e594065504e85b6b781c1f1832d24bf2c2b4554f", url = "https://github.com/cli/cli/releases/download/v2.87.3/gh_2.87.3_linux_arm64.tar.gz"}
"platforms.linux-x64" = { checksum = "sha256:c6e5537631fca45f277ef405ce8751d139b491e9402cc20891a003525a8773b2", url = "https://github.com/cli/cli/releases/download/v2.87.3/gh_2.87.3_linux_amd64.tar.gz"}
"platforms.linux-x64-baseline" = { checksum = "sha256:c6e5537631fca45f277ef405ce8751d139b491e9402cc20891a003525a8773b2", url = "https://github.com/cli/cli/releases/download/v2.87.3/gh_2.87.3_linux_amd64.tar.gz"}
"platforms.linux-x64-musl" = { checksum = "sha256:c6e5537631fca45f277ef405ce8751d139b491e9402cc20891a003525a8773b2", url = "https://github.com/cli/cli/releases/download/v2.87.3/gh_2.87.3_linux_amd64.tar.gz"}
"platforms.linux-x64-musl-baseline" = { checksum = "sha256:c6e5537631fca45f277ef405ce8751d139b491e9402cc20891a003525a8773b2", url = "https://github.com/cli/cli/releases/download/v2.87.3/gh_2.87.3_linux_amd64.tar.gz"}
"platforms.macos-arm64" = { checksum = "sha256:dedfc6f569e9dbc5b92d47dce44acadbdf5b6b7a861510db0c748dfac55002f6", url = "https://github.com/cli/cli/releases/download/v2.87.3/gh_2.87.3_macOS_arm64.zip"}
"platforms.macos-x64" = { checksum = "sha256:7b8d5495fe9689494b1c69559c0d28209bc057bb028008e903ec4b3e19bd8c75", url = "https://github.com/cli/cli/releases/download/v2.87.3/gh_2.87.3_macOS_amd64.zip"}
"platforms.macos-x64-baseline" = { checksum = "sha256:7b8d5495fe9689494b1c69559c0d28209bc057bb028008e903ec4b3e19bd8c75", url = "https://github.com/cli/cli/releases/download/v2.87.3/gh_2.87.3_macOS_amd64.zip"}
"platforms.windows-x64" = { checksum = "sha256:c590bcb488f80a85c8febd5cde27edd68fdd481bd004aaf9adc50dcf1b21c09c", url = "https://github.com/cli/cli/releases/download/v2.87.3/gh_2.87.3_windows_amd64.zip"}

[[tools.lazygit]]
version = "0.60.0"
backend = "aqua:jesseduffield/lazygit"
"platforms.linux-arm64" = { checksum = "sha256:2c699579165416eede4d2cfaf7d76ccd8f3b20f20f2e8b4abff6b5a6350fcdd7", url = "https://github.com/jesseduffield/lazygit/releases/download/v0.60.0/lazygit_0.60.0_linux_arm64.tar.gz"}
"platforms.linux-x64" = { checksum = "sha256:6252ca6cf98bc4fd3e0d927b54225910cfa57b065d0ad88263f14592f7f9ab15", url = "https://github.com/jesseduffield/lazygit/releases/download/v0.60.0/lazygit_0.60.0_linux_x86_64.tar.gz"}
"platforms.macos-arm64" = { checksum = "sha256:5045f0ff2117f12cb5232d65e01c054eb9ea6b8e2f0f0b80e99fbaa589b581b9", url = "https://github.com/jesseduffield/lazygit/releases/download/v0.60.0/lazygit_0.60.0_darwin_arm64.tar.gz"}
"platforms.macos-x64" = { checksum = "sha256:9210a8bd8bf18537f9d7747361c8eba62518e10e4d5fbfe915cf110635eaab78", url = "https://github.com/jesseduffield/lazygit/releases/download/v0.60.0/lazygit_0.60.0_darwin_x86_64.tar.gz"}

[[tools.node]]
version = "22.22.1"
backend = "core:node"
"platforms.linux-arm64" = { checksum = "sha256:1d1690e9aba47e887a275abc6d8f7317e571a0700deaef493f768377e99155f5", url = "https://nodejs.org/dist/v22.22.1/node-v22.22.1-linux-arm64.tar.gz"}
"platforms.linux-x64" = { checksum = "sha256:07c8aafa60644fb81adefa1ee7da860eb1920851ffdc9a37020ab0be47fbc10e", url = "https://nodejs.org/dist/v22.22.1/node-v22.22.1-linux-x64.tar.gz"}
"platforms.macos-arm64" = { checksum = "sha256:679ad4966339e4ef4900f57996714864e4211b898825bb840c3086c419fbcef2", url = "https://nodejs.org/dist/v22.22.1/node-v22.22.1-darwin-arm64.tar.gz"}
"platforms.macos-x64" = { checksum = "sha256:07b13722d558790fca20bb1ecf61bde24b7a4863111f7be77fc57251a407359a", url = "https://nodejs.org/dist/v22.22.1/node-v22.22.1-darwin-x64.tar.gz"}

[[tools.python]]
version = "3.12.13"
backend = "core:python"
"platforms.macos-x64" = { checksum = "sha256:b7ad42eef6a5729af319ba8a89eedd155e4d7c2a9884beff174a4c13e1286e68", url = "https://github.com/astral-sh/python-build-standalone/releases/download/20260303/cpython-3.12.13+20260303-x86_64-apple-darwin-install_only_stripped.tar.gz"}

[tools.python.options]
compile = "true"

[[tools.python]]
version = "3.12.13"
backend = "core:python"
"platforms.linux-arm64" = { checksum = "sha256:9e0349ac08f40e33151bb9693de762101541f07633dea61dbaca17d03290cb58", url = "https://github.com/astral-sh/python-build-standalone/releases/download/20260303/cpython-3.12.13+20260303-aarch64-unknown-linux-gnu-install_only_stripped.tar.gz"}
"platforms.linux-x64" = { checksum = "sha256:c710dd6b63e4df92f4c5b7b29ccad4276226a024a9017d5018f15321c7854af4", url = "https://github.com/astral-sh/python-build-standalone/releases/download/20260303/cpython-3.12.13+20260303-x86_64-unknown-linux-gnu-install_only_stripped.tar.gz"}
"platforms.macos-arm64" = { checksum = "sha256:377234f346fce41b6d3112b5ead89cb6af2d5596244f9edc1a739065770dde1f", url = "https://github.com/astral-sh/python-build-standalone/releases/download/20260303/cpython-3.12.13+20260303-aarch64-apple-darwin-install_only_stripped.tar.gz"}

[[tools.ripgrep]]
version = "15.1.0"
backend = "aqua:BurntSushi/ripgrep"
"platforms.linux-arm64" = { checksum = "sha256:2b661c6ef508e902f388e9098d9c4c5aca72c87b55922d94abdba830b4dc885e", url = "https://github.com/BurntSushi/ripgrep/releases/download/15.1.0/ripgrep-15.1.0-aarch64-unknown-linux-gnu.tar.gz"}
"platforms.linux-x64" = { checksum = "sha256:1c9297be4a084eea7ecaedf93eb03d058d6faae29bbc57ecdaf5063921491599", url = "https://github.com/BurntSushi/ripgrep/releases/download/15.1.0/ripgrep-15.1.0-x86_64-unknown-linux-musl.tar.gz"}
"platforms.macos-arm64" = { checksum = "sha256:378e973289176ca0c6054054ee7f631a065874a352bf43f0fa60ef079b6ba715", url = "https://github.com/BurntSushi/ripgrep/releases/download/15.1.0/ripgrep-15.1.0-aarch64-apple-darwin.tar.gz"}
"platforms.macos-x64" = { checksum = "sha256:64811cb24e77cac3057d6c40b63ac9becf9082eedd54ca411b475b755d334882", url = "https://github.com/BurntSushi/ripgrep/releases/download/15.1.0/ripgrep-15.1.0-x86_64-apple-darwin.tar.gz"}
"platforms.windows-x64" = { checksum = "sha256:124510b94b6baa3380d051fdf4650eaa80a302c876d611e9dba0b2e18d87493a", url = "https://github.com/BurntSushi/ripgrep/releases/download/15.1.0/ripgrep-15.1.0-x86_64-pc-windows-msvc.zip"}

[[tools.starship]]
version = "1.24.2"
backend = "aqua:starship/starship"
"platforms.linux-arm64" = { checksum = "sha256:56b9ff412bbf374d29b99e5ac09a849124cb37a0a13121e8470df32de53c1ea6", url = "https://github.com/starship/starship/releases/download/v1.24.2/starship-aarch64-unknown-linux-musl.tar.gz"}
"platforms.linux-x64" = { checksum = "sha256:00ff3c1f8ffb59b5c15d4b44c076bcca04d92cf0055c86b916248c14f3ae714a", url = "https://github.com/starship/starship/releases/download/v1.24.2/starship-x86_64-unknown-linux-musl.tar.gz"}
"platforms.macos-arm64" = { checksum = "sha256:d3a0da21374962625a2ee992110979bc1fa33424d7b6aea58a70405e26544fd9", url = "https://github.com/starship/starship/releases/download/v1.24.2/starship-aarch64-apple-darwin.tar.gz"}
"platforms.macos-x64" = { checksum = "sha256:237beb10cc970c4361536e9f9f434dfed755f8282c5cd951b6a7e3fcbda8e779", url = "https://github.com/starship/starship/releases/download/v1.24.2/starship-x86_64-apple-darwin.tar.gz"}

[[tools.uv]]
version = "0.10.9"
backend = "aqua:astral-sh/uv"
"platforms.linux-arm64" = { checksum = "sha256:05b0d3087e913ebe11756365a90dd47c05d6728752fdbe129ad4c3ccd769826d", url = "https://github.com/astral-sh/uv/releases/download/0.10.9/uv-aarch64-unknown-linux-musl.tar.gz"}
"platforms.linux-arm64-musl" = { checksum = "sha256:05b0d3087e913ebe11756365a90dd47c05d6728752fdbe129ad4c3ccd769826d", url = "https://github.com/astral-sh/uv/releases/download/0.10.9/uv-aarch64-unknown-linux-musl.tar.gz"}
"platforms.linux-x64" = { checksum = "sha256:433e56874739e92c7cfd661ba9e5f287b376ca612c08c8194a41a98a13158aea", url = "https://github.com/astral-sh/uv/releases/download/0.10.9/uv-x86_64-unknown-linux-musl.tar.gz"}
"platforms.linux-x64-baseline" = { checksum = "sha256:433e56874739e92c7cfd661ba9e5f287b376ca612c08c8194a41a98a13158aea", url = "https://github.com/astral-sh/uv/releases/download/0.10.9/uv-x86_64-unknown-linux-musl.tar.gz"}
"platforms.linux-x64-musl" = { checksum = "sha256:433e56874739e92c7cfd661ba9e5f287b376ca612c08c8194a41a98a13158aea", url = "https://github.com/astral-sh/uv/releases/download/0.10.9/uv-x86_64-unknown-linux-musl.tar.gz"}
"platforms.linux-x64-musl-baseline" = { checksum = "sha256:433e56874739e92c7cfd661ba9e5f287b376ca612c08c8194a41a98a13158aea", url = "https://github.com/astral-sh/uv/releases/download/0.10.9/uv-x86_64-unknown-linux-musl.tar.gz"}
"platforms.macos-arm64" = { checksum = "sha256:a92f61e9ac9b0f29668c15f56152e4a60143fca148ff5bfadb86718472c3f376", url = "https://github.com/astral-sh/uv/releases/download/0.10.9/uv-aarch64-apple-darwin.tar.gz"}
"platforms.macos-x64" = { checksum = "sha256:9cc2de7d195fa157f98b306a8a1cb151ded93f488939b93363cebc8b9d598c28", url = "https://github.com/astral-sh/uv/releases/download/0.10.9/uv-x86_64-apple-darwin.tar.gz"}
"platforms.macos-x64-baseline" = { checksum = "sha256:9cc2de7d195fa157f98b306a8a1cb151ded93f488939b93363cebc8b9d598c28", url = "https://github.com/astral-sh/uv/releases/download/0.10.9/uv-x86_64-apple-darwin.tar.gz"}
"platforms.windows-x64" = { checksum = "sha256:f58dc40896000229db7c52b8bdd931394040ef2ad59abd1eda841f6d70b13d7a", url = "https://github.com/astral-sh/uv/releases/download/0.10.9/uv-x86_64-pc-windows-msvc.zip"}

[[tools.wrangler]]
version = "4.71.0"
backend = "npm:wrangler"

[[tools.xh]]
version = "0.25.3"
backend = "aqua:ducaale/xh"
"platforms.linux-arm64" = { checksum = "sha256:042f504048281e0042d99230750ee0a314d0a7273c4398d62a66896478b53a86", url = "https://github.com/ducaale/xh/releases/download/v0.25.3/xh-v0.25.3-aarch64-unknown-linux-musl.tar.gz"}
"platforms.linux-x64" = { checksum = "sha256:fc738e616b327e7a10256e206c78073bfeed95d73af6ba9ced4c5eb20ac8d717", url = "https://github.com/ducaale/xh/releases/download/v0.25.3/xh-v0.25.3-x86_64-unknown-linux-musl.tar.gz"}
"platforms.macos-arm64" = { checksum = "sha256:3886af1df744a44f6f8da37d51e3f733c14b35aeb3f46828ee528970ad708951", url = "https://github.com/ducaale/xh/releases/download/v0.25.3/xh-v0.25.3-aarch64-apple-darwin.tar.gz"}
"platforms.macos-x64" = { checksum = "sha256:ef0bd8fe2752abd84202d0b0ac5d4943712ce3c464d70a679b140ca2a0a475cf", url = "https://github.com/ducaale/xh/releases/download/v0.25.3/xh-v0.25.3-x86_64-apple-darwin.tar.gz"}
"platforms.windows-x64" = { checksum = "sha256:49f60a01324ce42726ce1f8bcdff4b376b1e8533aed33d7a107a3cd70f040236", url = "https://github.com/ducaale/xh/releases/download/v0.25.3/xh-v0.25.3-x86_64-pc-windows-msvc.zip"}
